
Microsoft Visual Studio Solution File, Format Version 12.00
# Visual Studio 15
VisualStudioVersion = 15.0.28307.960
MinimumVisualStudioVersion = 10.0.40219.1
Project("{FAE04EC0-301F-11D3-BF4B-00C04F79EFBC}") = "lab06-1", "lab06-1\lab06-1.csproj", "{67CF2462-2975-49F8-AA30-D08E7AE98B5A}"
EndProject
Global
	GlobalSection(SolutionConfigurationPlatforms) = preSolution
		Debug|Any CPU = Debug|Any CPU
		Release|Any CPU = Release|Any CPU
	EndGlobalSection
	GlobalSection(ProjectConfigurationPlatforms) = postSolution
		{67CF2462-2975-49F8-AA30-D08E7AE98B5A}.Debug|Any CPU.ActiveCfg = Debug|Any CPU
		{67CF2462-2975-49F8-AA30-D08E7AE98B5A}.Debug|Any CPU.Build.0 = Debug|Any CPU
		{67CF2462-2975-49F8-AA30-D08E7AE98B5A}.Release|Any CPU.ActiveCfg = Release|Any CPU
		{67CF2462-2975-49F8-AA30-D08E7AE98B5A}.Release|Any CPU.Build.0 = Release|Any CPU
	EndGlobalSection
	GlobalSection(SolutionProperties) = preSolution
		HideSolutionNode = FALSE
	EndGlobalSection
	GlobalSection(ExtensibilityGlobals) = postSolution
		SolutionGuid = {A219E1D5-521B-40C6-902D-530A1487EBB3}
	EndGlobalSection
EndGlobal
